// !$*UTF8*$!
{
	archiveVersion = 1;
	classes = {
	};
	objectVersion = 77;
	objects = {

/* Begin PBXBuildFile section */
		06A562E919007CEE36406DCA /* STTService.swift in Sources */ = {isa = PBXBuildFile; fileRef = 0F5D437105B72DAAF0A857F8 /* STTService.swift */; };
		06D9CC213F5773BCAF9376C9 /* FrameProcessor.swift in Sources */ = {isa = PBXBuildFile; fileRef = 198DD55EFDA81AF7447AB985 /* FrameProcessor.swift */; };
		07D3C1FB6D5F4849F2E8136B /* LiveSessionState.swift in Sources */ = {isa = PBXBuildFile; fileRef = 349ED4AF5B9D475CCCAA808A /* LiveSessionState.swift */; };
		084BAD9BD1E8ED10B59ACADB /* BaseSmartTurn.swift in Sources */ = {isa = PBXBuildFile; fileRef = 08C0734EF567C98B42D22947 /* BaseSmartTurn.swift */; };
		08876D35D59ECC4A9406DFAE /* VADController.swift in Sources */ = {isa = PBXBuildFile; fileRef = 4E958DFEE7A9D7985F127E5D /* VADController.swift */; };
		0B263C823B20AE04F227B187 /* UserTurnController.swift in Sources */ = {isa = PBXBuildFile; fileRef = 1DBBC836A798B2683C2FA08B /* UserTurnController.swift */; };
		0C5EBE615C219F104D6D9C8D /* FunctionFrames.swift in Sources */ = {isa = PBXBuildFile; fileRef = 11DA3782228DFD89D321DF46 /* FunctionFrames.swift */; };
		0D58F93BFFFFE778CD8A34D1 /* LiveModeEngine.swift in Sources */ = {isa = PBXBuildFile; fileRef = 83C5B0E5FD420CCB6BD8D1A4 /* LiveModeEngine.swift */; };
		0F13CB63EFD6EB20B60C013B /* ASRService.swift in Sources */ = {isa = PBXBuildFile; fileRef = 7C500DE8A47482D5DA7DA6D3 /* ASRService.swift */; };
		10405212EEF000AA04B72748 /* SherpaSTTServiceAdapter.swift in Sources */ = {isa = PBXBuildFile; fileRef = C962A397148BBF852D5AFAFF /* SherpaSTTServiceAdapter.swift */; };
		1D6B9BBA44F194BB9B33BD65 /* UserTurnStrategies.swift in Sources */ = {isa = PBXBuildFile; fileRef = 3D50D49B905DC81880B55F1F /* UserTurnStrategies.swift */; };
		20B8C55E032BA07B3E640E80 /* Skills.swift in Sources */ = {isa = PBXBuildFile; fileRef = 571908036E6DCED1D58C1E9E /* Skills.swift */; };
		211F188F31CA459159D0E80B /* MLXLLMServiceAdapter.swift in Sources */ = {isa = PBXBuildFile; fileRef = 6049CB1301D2CA9C505E87DC /* MLXLLMServiceAdapter.swift */; };
		255B2D20006BDC90DD271C86 /* BaseOutputTransport.swift in Sources */ = {isa = PBXBuildFile; fileRef = 61408245652635B4159BD82F /* BaseOutputTransport.swift */; };
		262A3E0B099DCF52616B3F0C /* AlwaysUserMuteStrategy.swift in Sources */ = {isa = PBXBuildFile; fileRef = A7EBF8401F5541CC38BD55B1 /* AlwaysUserMuteStrategy.swift */; };
		26929A1E3A3435B723DD604D /* ProcessFrameResult.swift in Sources */ = {isa = PBXBuildFile; fileRef = 34828A96D128D922804F3DAC /* ProcessFrameResult.swift */; };
		273143E1D4CADB93BB87D208 /* VoiceTurnController.swift in Sources */ = {isa = PBXBuildFile; fileRef = 2D672ACC5EAC3A11F9A0735C /* VoiceTurnController.swift */; };
		27C2E4D0940F10256C1A86FC /* LLMUserAggregator.swift in Sources */ = {isa = PBXBuildFile; fileRef = B642CB052B73B62BD675583D /* LLMUserAggregator.swift */; };
		2BC8AF77F212FBB4A0A0F28B /* AudioChunk.swift in Sources */ = {isa = PBXBuildFile; fileRef = A69F76927D76D4F3BE742DA1 /* AudioChunk.swift */; };
		2C6F8756897F4C01D3E190B0 /* Frames.swift in Sources */ = {isa = PBXBuildFile; fileRef = 547DFB8DC456148B1CFF337C /* Frames.swift */; };
		2CADFF678567A2ECB88CE265 /* LLMFrames.swift in Sources */ = {isa = PBXBuildFile; fileRef = FBFDA3E03F157B7D5E8AACC2 /* LLMFrames.swift */; };
		2F4A6C8E0A1B2C3D4E5F6071 /* AudioCaptureService.swift in Sources */ = {isa = PBXBuildFile; fileRef = 2F4A6C8E0A1B2C3D4E5F6070 /* AudioCaptureService.swift */; };
		32D9B612A8A28256BD2CCA55 /* LiveAudioIO.swift in Sources */ = {isa = PBXBuildFile; fileRef = F8D921B323B9D6342A22A29E /* LiveAudioIO.swift */; };
		42C98281CDF93BA47D0FC59D /* BotSpeechGateProcessor.swift in Sources */ = {isa = PBXBuildFile; fileRef = 048BEFE3CFA43DC1FEC5DA3D /* BotSpeechGateProcessor.swift */; };
		43DD7FAECE6EEBA9D504D3D5 /* ControlFrames.swift in Sources */ = {isa = PBXBuildFile; fileRef = E8FA0F50182C9CB35158A262 /* ControlFrames.swift */; };
		44E858BC1F79BDD31F923BBC /* BaseTurnAnalyzer.swift in Sources */ = {isa = PBXBuildFile; fileRef = 8ED4CDD3BE43ECDB4856379E /* BaseTurnAnalyzer.swift */; };
		45B7FEC6C4D055F44A87BFA9 /* PhoneClawApp.swift in Sources */ = {isa = PBXBuildFile; fileRef = 4DD9808FE93325C3CE4CFA00 /* PhoneClawApp.swift */; };
		4A99F468A0CDF3F577738F6C /* PipelineTask.swift in Sources */ = {isa = PBXBuildFile; fileRef = B4730B9C65C38B6B52844DD4 /* PipelineTask.swift */; };
		5084E1CD2E831BC05F5E4374 /* PromptBuilder.swift in Sources */ = {isa = PBXBuildFile; fileRef = 2E7C06DA449D1395217A42D5 /* PromptBuilder.swift */; };
		542491EC62E3A48A32792C5D /* LLMAssistantAggregator.swift in Sources */ = {isa = PBXBuildFile; fileRef = 5E60D531CFDB3173000D0E08 /* LLMAssistantAggregator.swift */; };
		583517394D45962A75274774 /* SherpaStreamingSTTServiceAdapter.swift in Sources */ = {isa = PBXBuildFile; fileRef = 14D2C81D409948DB0E2F3B28 /* SherpaStreamingSTTServiceAdapter.swift */; };
		5C01BF2FA8161562894FFD97 /* TurnAnalyzerUserTurnStopStrategy.swift in Sources */ = {isa = PBXBuildFile; fileRef = F9184BAEA6C903EB15C66C87 /* TurnAnalyzerUserTurnStopStrategy.swift */; };
		623A278B9408C9BE8FDE61D1 /* SharedUI.swift in Sources */ = {isa = PBXBuildFile; fileRef = 9DBABEB8C21E7B67E5C2516D /* SharedUI.swift */; };
		64C85AE4FF9AA2C865C799E9 /* PriorityFrameQueue.swift in Sources */ = {isa = PBXBuildFile; fileRef = EFE477C1831B62F46E91D908 /* PriorityFrameQueue.swift */; };
		6ED70A065D44870C4B10BC01 /* SherpaTTSServiceAdapter.swift in Sources */ = {isa = PBXBuildFile; fileRef = D88895B273185FAEFE396A38 /* SherpaTTSServiceAdapter.swift */; };
		70A9AFA85FC91F00D3E00387 /* OrbBackgroundView.swift in Sources */ = {isa = PBXBuildFile; fileRef = BA48303BA25916A3A431EDE6 /* OrbBackgroundView.swift */; };
		77CE684DABF6C69ECF54AB3F /* UserTurnParams.swift in Sources */ = {isa = PBXBuildFile; fileRef = 674A2B5F5B18DB699C6170ED /* UserTurnParams.swift */; };
		7BB3AC9437469CCB6929F015 /* LiveCameraService.swift in Sources */ = {isa = PBXBuildFile; fileRef = 357644EE0B2A47696762E171 /* LiveCameraService.swift */; };
		7EB3859798F050565F8C28B9 /* OrbShaderSource.swift in Sources */ = {isa = PBXBuildFile; fileRef = C70EDE41C438263F820D0FCC /* OrbShaderSource.swift */; };
		839929FB52DF6A121DCEE82C /* LiveComponentTest.swift in Sources */ = {isa = PBXBuildFile; fileRef = 9C503EC6B19AD0CF5515B98E /* LiveComponentTest.swift */; };
		84DEDE5EA80ABE1575ECD383 /* FluidAudioVADAnalyzer.swift in Sources */ = {isa = PBXBuildFile; fileRef = 260CEFE477936BA4A18DD6CC /* FluidAudioVADAnalyzer.swift */; };
		8B0B3BC2CF9E5C58519C11C2 /* Pipeline.swift in Sources */ = {isa = PBXBuildFile; fileRef = 05F6F914DA96277333B2DFD8 /* Pipeline.swift */; };
		8D92BA73222C507ADD63ED33 /* OrbSceneView.swift in Sources */ = {isa = PBXBuildFile; fileRef = F73C9FFB0EEDE520F2885102 /* OrbSceneView.swift */; };
		8E9B8E06D2729659B52A95C1 /* UserIdleController.swift in Sources */ = {isa = PBXBuildFile; fileRef = 873A87EDEFC683684488EC77 /* UserIdleController.swift */; };
		911E4634041EBFC4AAA48EFA /* LLMContextAggregatorPair.swift in Sources */ = {isa = PBXBuildFile; fileRef = DA2357D8430FF56AA14B9D3E /* LLMContextAggregatorPair.swift */; };
		916086085ECE53782F3654D2 /* TranscriptionUserTurnStartStrategy.swift in Sources */ = {isa = PBXBuildFile; fileRef = 56B6B380A592DF501C5C963B /* TranscriptionUserTurnStartStrategy.swift */; };
		93BD549B99F4F88D0BEB9B2A /* BaseUserTurnStopStrategy.swift in Sources */ = {isa = PBXBuildFile; fileRef = CDF20C6E0367F51A0138B212 /* BaseUserTurnStopStrategy.swift */; };
		9412304167DACB86E5D60D49 /* ContentView.swift in Sources */ = {isa = PBXBuildFile; fileRef = F5ED928BF14864713A9A9D16 /* ContentView.swift */; };
		95444CF962023FF31BA49D06 /* LocalSmartTurnAnalyzer.swift in Sources */ = {isa = PBXBuildFile; fileRef = 1BD58D674BA7B66415319BBA /* LocalSmartTurnAnalyzer.swift */; };
		97E96A2FBFFAF609F276A896 /* ConfigurationsView.swift in Sources */ = {isa = PBXBuildFile; fileRef = E62C3CEFC7AE63873D751E75 /* ConfigurationsView.swift */; };
		9B17236E9D51367662BBED4C /* VADService.swift in Sources */ = {isa = PBXBuildFile; fileRef = F18C7A5D1474A06400BE423D /* VADService.swift */; };
		9EA6D4B6C15083B5F9C96F04 /* MarkdownTextFilter.swift in Sources */ = {isa = PBXBuildFile; fileRef = 6A67E7C055778EB798AAEFC3 /* MarkdownTextFilter.swift */; };
		9FA8E14BB1B226526B8BD782 /* SpeechTimeoutUserTurnStopStrategy.swift in Sources */ = {isa = PBXBuildFile; fileRef = 24F07C7F143FA2A4703E55EE /* SpeechTimeoutUserTurnStopStrategy.swift */; };
		A24D34F106E9869C8DA166DE /* OrbAudioAnalyser.swift in Sources */ = {isa = PBXBuildFile; fileRef = DAF684F9A04FAEE76440F69C /* OrbAudioAnalyser.swift */; };
		A31476EA2F856FD700318978 /* ChatAttachments.swift in Sources */ = {isa = PBXBuildFile; fileRef = A31476E82F856FD700318978 /* ChatAttachments.swift */; };
		A31476EB2F856FD700318978 /* ChatMessage.swift in Sources */ = {isa = PBXBuildFile; fileRef = A31476E92F856FD700318978 /* ChatMessage.swift */; };
		A31476F62F85741500318978 /* Planner.swift in Sources */ = {isa = PBXBuildFile; fileRef = A31476F02F85741500318978 /* Planner.swift */; };
		A31476F82F85741500318978 /* Router.swift in Sources */ = {isa = PBXBuildFile; fileRef = A31476F12F85741500318978 /* Router.swift */; };
		A31476F92F85741500318978 /* SessionStore.swift in Sources */ = {isa = PBXBuildFile; fileRef = A31476F22F85741500318978 /* SessionStore.swift */; };
		A31476FA2F85741500318978 /* ToolChain.swift in Sources */ = {isa = PBXBuildFile; fileRef = A31476F42F85741500318978 /* ToolChain.swift */; };
		A31476FB2F85741500318978 /* OutputCleaner.swift in Sources */ = {isa = PBXBuildFile; fileRef = A31476EF2F85741500318978 /* OutputCleaner.swift */; };
		A31476FC2F85741500318978 /* ToolCallParser.swift in Sources */ = {isa = PBXBuildFile; fileRef = A31476F32F85741500318978 /* ToolCallParser.swift */; };
		A340D947F4D1C7DE26F7F978 /* LiveMetrics.swift in Sources */ = {isa = PBXBuildFile; fileRef = 094A760C8A6DFD5E317AF5B8 /* LiveMetrics.swift */; };
		A784E79067D36E56702AC300 /* AudioUI.swift in Sources */ = {isa = PBXBuildFile; fileRef = 22A3E6DE14D68AD9C9ABF0E8 /* AudioUI.swift */; };
		AA1000000000000000000001 /* LLMEngine.swift in Sources */ = {isa = PBXBuildFile; fileRef = AA2000000000000000000001 /* LLMEngine.swift */; };
		AA1000000000000000000002 /* MLXLocalLLMService.swift in Sources */ = {isa = PBXBuildFile; fileRef = AA2000000000000000000002 /* MLXLocalLLMService.swift */; };
		AA1000000000000000000003 /* Gemma4Config.swift in Sources */ = {isa = PBXBuildFile; fileRef = AA2000000000000000000003 /* Gemma4Config.swift */; };
		AA1000000000000000000004 /* Gemma4LanguageModel.swift in Sources */ = {isa = PBXBuildFile; fileRef = AA2000000000000000000004 /* Gemma4LanguageModel.swift */; };
		AA1000000000000000000005 /* Gemma4Model.swift in Sources */ = {isa = PBXBuildFile; fileRef = AA2000000000000000000005 /* Gemma4Model.swift */; };
		AA1000000000000000000006 /* Gemma4Registration.swift in Sources */ = {isa = PBXBuildFile; fileRef = AA2000000000000000000006 /* Gemma4Registration.swift */; };
		AA1000000000000000000007 /* Gemma4RoPE.swift in Sources */ = {isa = PBXBuildFile; fileRef = AA2000000000000000000007 /* Gemma4RoPE.swift */; };
		AA1000000000000000000008 /* Gemma4TextModel.swift in Sources */ = {isa = PBXBuildFile; fileRef = AA2000000000000000000008 /* Gemma4TextModel.swift */; };
		AA1000000000000000000009 /* MLXTokenizersLoader.swift in Sources */ = {isa = PBXBuildFile; fileRef = AA2000000000000000000009 /* MLXTokenizersLoader.swift */; };
		AA1000000000000000000011 /* MLX in Frameworks */ = {isa = PBXBuildFile; productRef = AA5000000000000000000001 /* MLX */; };
		AA1000000000000000000012 /* MLXFast in Frameworks */ = {isa = PBXBuildFile; productRef = AA5000000000000000000002 /* MLXFast */; };
		AA1000000000000000000013 /* MLXNN in Frameworks */ = {isa = PBXBuildFile; productRef = AA5000000000000000000003 /* MLXNN */; };
		AA1000000000000000000014 /* MLXLMCommon in Frameworks */ = {isa = PBXBuildFile; productRef = AA5000000000000000000004 /* MLXLMCommon */; };
		AA1000000000000000000015 /* MLXVLM in Frameworks */ = {isa = PBXBuildFile; productRef = AA5000000000000000000005 /* MLXVLM */; };
		AA1000000000000000000016 /* Tokenizers in Frameworks */ = {isa = PBXBuildFile; productRef = AA5000000000000000000006 /* Tokenizers */; };
		AA1000000000000000000017 /* MLXLLM in Frameworks */ = {isa = PBXBuildFile; productRef = AA5000000000000000000007 /* MLXLLM */; };
		AA1000000000000000000018 /* Gemma4VisionModel.swift in Sources */ = {isa = PBXBuildFile; fileRef = AA2000000000000000000018 /* Gemma4VisionModel.swift */; };
		AA1000000000000000000019 /* Gemma4Processor.swift in Sources */ = {isa = PBXBuildFile; fileRef = AA2000000000000000000019 /* Gemma4Processor.swift */; };
		AA1000000000000000000020 /* Gemma4AudioFeatureExtractor.swift in Sources */ = {isa = PBXBuildFile; fileRef = AA2000000000000000000020 /* Gemma4AudioFeatureExtractor.swift */; };
		AA1000000000000000000021 /* Gemma4AudioModel.swift in Sources */ = {isa = PBXBuildFile; fileRef = AA2000000000000000000021 /* Gemma4AudioModel.swift */; };
		AA1000000000000000000022 /* FluidAudio in Frameworks */ = {isa = PBXBuildFile; productRef = AA5000000000000000000008 /* FluidAudio */; };
		AA1000000000000000000023 /* MarkdownUI in Frameworks */ = {isa = PBXBuildFile; productRef = AA5000000000000000000009 /* MarkdownUI */; };
		AA1000000000000000000024 /* onnxruntime.xcframework in Frameworks */ = {isa = PBXBuildFile; fileRef = AA2000000000000000000024 /* onnxruntime.xcframework */; };
		AA1000000000000000000025 /* sherpa-onnx.xcframework in Frameworks */ = {isa = PBXBuildFile; fileRef = AA2000000000000000000025 /* sherpa-onnx.xcframework */; };
		AA1000000000000000000100 /* BundledModel.swift in Sources */ = {isa = PBXBuildFile; fileRef = AA2000000000000000000100 /* BundledModel.swift */; };
		AA1000000000000000000101 /* RuntimeBudgets.swift in Sources */ = {isa = PBXBuildFile; fileRef = AA2000000000000000000101 /* RuntimeBudgets.swift */; };
		AA1000000000000000000103 /* ModelInstallState.swift in Sources */ = {isa = PBXBuildFile; fileRef = AA2000000000000000000103 /* ModelInstallState.swift */; };
		AA1000000000000000000104 /* ModelPaths.swift in Sources */ = {isa = PBXBuildFile; fileRef = AA2000000000000000000104 /* ModelPaths.swift */; };
		AA1000000000000000000105 /* MemoryStats.swift in Sources */ = {isa = PBXBuildFile; fileRef = AA2000000000000000000105 /* MemoryStats.swift */; };
		AA1000000000000000000106 /* ModelDownloader.swift in Sources */ = {isa = PBXBuildFile; fileRef = AA2000000000000000000106 /* ModelDownloader.swift */; };
		AA1000000000000000000107 /* ModelInstaller.swift in Sources */ = {isa = PBXBuildFile; fileRef = AA2000000000000000000107 /* ModelInstaller.swift */; };
		AA1000000000000000000108 /* GPULifecycle.swift in Sources */ = {isa = PBXBuildFile; fileRef = AA2000000000000000000108 /* GPULifecycle.swift */; };
		AA1000000000000000000202 /* MLXLocalLLMService+KVReuse.swift in Sources */ = {isa = PBXBuildFile; fileRef = AA2000000000000000000202 /* MLXLocalLLMService+KVReuse.swift */; };
		AB877F6AD9467C63509E499F /* ResponseUI.swift in Sources */ = {isa = PBXBuildFile; fileRef = 4628E2A5FD49247E1D6BE283 /* ResponseUI.swift */; };
		B0FB758750EA8CEBC4DBF08A /* BaseTextFilter.swift in Sources */ = {isa = PBXBuildFile; fileRef = 048D73DED34FDD15E9F98763 /* BaseTextFilter.swift */; };
		B1A2C3D4E5F607182930B100 /* Library in Resources */ = {isa = PBXBuildFile; fileRef = B1A2C3D4E5F607182930B101 /* Library */; };
		B1A2C3D4E5F607182930B102 /* gemma-4-e2b-it-4bit in Resources */ = {isa = PBXBuildFile; fileRef = D5E6F7081A2B3C4D5E6F7084 /* gemma-4-e2b-it-4bit */; };
		B1A2C3D4E5F607182930B103 /* gemma-4-e4b-it-4bit in Resources */ = {isa = PBXBuildFile; fileRef = D5E6F7081A2B3C4D5E6F7086 /* gemma-4-e4b-it-4bit */; };
		B1A2C3D4E5F607182930B104 /* sherpa-asr-zh in Resources */ = {isa = PBXBuildFile; fileRef = D5E6F7081A2B3C4D5E6F7088 /* sherpa-asr-zh */; };
		B1A2C3D4E5F607182930B106 /* vits-zh-hf-keqing in Resources */ = {isa = PBXBuildFile; fileRef = D5E6F7081A2B3C4D5E6F7092 /* vits-zh-hf-keqing */; };
		B85F211303561796B93E9575 /* VADUserTurnStartStrategy.swift in Sources */ = {isa = PBXBuildFile; fileRef = 801423D197CB93890BB039C5 /* VADUserTurnStartStrategy.swift */; };
		B881A2E7F9483D5ED2AC206B /* SkillsManagerView.swift in Sources */ = {isa = PBXBuildFile; fileRef = D269F8BFCAB68D82440F704B /* SkillsManagerView.swift */; };
		B8A84E4D0DDDE011B5929DA2 /* AgentEngine.swift in Sources */ = {isa = PBXBuildFile; fileRef = E18A47114A10132E25E220F8 /* AgentEngine.swift */; };
		BD75E7E5620A8FF0A868E9F0 /* libPods-PhoneClaw.a in Frameworks */ = {isa = PBXBuildFile; fileRef = 4F4ACB3F4531FF61E0AADA07 /* libPods-PhoneClaw.a */; };
		BE6E6C928537BCC4DBC975E9 /* LiveStateObserver.swift in Sources */ = {isa = PBXBuildFile; fileRef = 7532E66C19EBE3C992735049 /* LiveStateObserver.swift */; };
		C05906F882C28E546FC97B26 /* BaseTransport.swift in Sources */ = {isa = PBXBuildFile; fileRef = 790F74FB191932BBFC19C2B6 /* BaseTransport.swift */; };
		C1A2B3D4E5F607182930A1B2 /* SkillLoader.swift in Sources */ = {isa = PBXBuildFile; fileRef = C1A2B3D4E5F607182930A1B3 /* SkillLoader.swift */; };
		C1A2B3D4E5F607182930A1C2 /* SkillRegistry.swift in Sources */ = {isa = PBXBuildFile; fileRef = C1A2B3D4E5F607182930A1C3 /* SkillRegistry.swift */; };
		C3C4D5E6F7081A2B3C52D3E4 /* ChatModels.swift in Sources */ = {isa = PBXBuildFile; fileRef = C3C4D5E6F7081A2B3C52D3E5 /* ChatModels.swift */; };
		C4D5E6F70819A2B3C463E4F5 /* Theme.swift in Sources */ = {isa = PBXBuildFile; fileRef = C4D5E6F70819A2B3C463E4F6 /* Theme.swift */; };
		C6C41C306E9D307AAB4F3284 /* UserTurnProcessor.swift in Sources */ = {isa = PBXBuildFile; fileRef = 84CD9F8DFFE7D745D1648019 /* UserTurnProcessor.swift */; };
		CCBAD6C96F8385EACB195E06 /* VADProcessor.swift in Sources */ = {isa = PBXBuildFile; fileRef = 4BF6670A148E2F105CAC0F25 /* VADProcessor.swift */; };
		CE2D5BD7F3C310C8CE319A6D /* LiveModeUI.swift in Sources */ = {isa = PBXBuildFile; fileRef = 840B21562E52B6B93D4410D0 /* LiveModeUI.swift */; };
		D3A1B2C3D4E5F60718290001 /* ToolRegistry.swift in Sources */ = {isa = PBXBuildFile; fileRef = D3A1B2C3D4E5F60718290101 /* ToolRegistry.swift */; };
		D3A1B2C3D4E5F60718290002 /* AppPermissions.swift in Sources */ = {isa = PBXBuildFile; fileRef = D3A1B2C3D4E5F60718290102 /* AppPermissions.swift */; };
		D3A1B2C3D4E5F60718290003 /* Stores.swift in Sources */ = {isa = PBXBuildFile; fileRef = D3A1B2C3D4E5F60718290103 /* Stores.swift */; };
		D3A1B2C3D4E5F60718290004 /* Helpers.swift in Sources */ = {isa = PBXBuildFile; fileRef = D3A1B2C3D4E5F60718290104 /* Helpers.swift */; };
		D3A1B2C3D4E5F60718290005 /* Clipboard.swift in Sources */ = {isa = PBXBuildFile; fileRef = D3A1B2C3D4E5F60718290105 /* Clipboard.swift */; };
		D3A1B2C3D4E5F60718290008 /* Calendar.swift in Sources */ = {isa = PBXBuildFile; fileRef = D3A1B2C3D4E5F60718290108 /* Calendar.swift */; };
		D3A1B2C3D4E5F60718290009 /* Reminders.swift in Sources */ = {isa = PBXBuildFile; fileRef = D3A1B2C3D4E5F60718290109 /* Reminders.swift */; };
		D3A1B2C3D4E5F60718290010 /* Contacts.swift in Sources */ = {isa = PBXBuildFile; fileRef = D3A1B2C3D4E5F60718290110 /* Contacts.swift */; };
		D3A1B2C3D4E5F60718290011 /* Health.swift in Sources */ = {isa = PBXBuildFile; fileRef = D3A1B2C3D4E5F60718290111 /* Health.swift */; };
		D56B8094D6B249DC038FAF8F /* TTSService.swift in Sources */ = {isa = PBXBuildFile; fileRef = F06A8F86444AB26C7373919B /* TTSService.swift */; };
		D69250E717959D2D59D57ABD /* SherpaSegmentedSTTServiceAdapter.swift in Sources */ = {isa = PBXBuildFile; fileRef = EF7337BA528652D914A46BBC /* SherpaSegmentedSTTServiceAdapter.swift */; };
		D7B5B8D3378DF49369C7F306 /* BaseInputTransport.swift in Sources */ = {isa = PBXBuildFile; fileRef = 5839E5F61D60CBC937AFCAAA /* BaseInputTransport.swift */; };
		DA25510B6177007641B5978D /* SherpaOnnx.swift in Sources */ = {isa = PBXBuildFile; fileRef = CEA10A9D8F9AB4A2764A1A13 /* SherpaOnnx.swift */; };
		DCB2FB741B3A2162725430FC /* LLMContext.swift in Sources */ = {isa = PBXBuildFile; fileRef = A601797F71E10B47BA9814A0 /* LLMContext.swift */; };
		DE49DFCF4DF4FBABCBCC20DC /* VADAnalyzerProtocol.swift in Sources */ = {isa = PBXBuildFile; fileRef = 7420ABF119364EAEAFCE630A /* VADAnalyzerProtocol.swift */; };
		E3848EFFD200BB2BCB325939 /* BaseObserver.swift in Sources */ = {isa = PBXBuildFile; fileRef = 76DD53A6DED79B68F7B2293E /* BaseObserver.swift */; };
		F1AF2D7AAB111966A35AB32E /* IOSLiveTransport.swift in Sources */ = {isa = PBXBuildFile; fileRef = 91366CE61FBA8543A9E95947 /* IOSLiveTransport.swift */; };
		F4B1F913A5419D9F98865B73 /* BaseUserTurnStartStrategy.swift in Sources */ = {isa = PBXBuildFile; fileRef = 2112D2743EB790B71DE7E14C /* BaseUserTurnStartStrategy.swift */; };
		F6507553CBC1D3D0BCAFF1C9 /* RemoveEmojiTextFilter.swift in Sources */ = {isa = PBXBuildFile; fileRef = 9A6B722BC23CD411FBFEFC48 /* RemoveEmojiTextFilter.swift */; };
		F84BD7F445E2D383551198FB /* OutputSanitizer.swift in Sources */ = {isa = PBXBuildFile; fileRef = 9D80CB631331A0CA07699BDE /* OutputSanitizer.swift */; };
		F88825F9E29B5D7893A32873 /* SegmentedSTTService.swift in Sources */ = {isa = PBXBuildFile; fileRef = 9D71B4E98491AF7D57EE10CA /* SegmentedSTTService.swift */; };
		F9E7622C7772C61D277B0571 /* LLMContextAggregator.swift in Sources */ = {isa = PBXBuildFile; fileRef = 58041020FE4323CE1FFB0DF7 /* LLMContextAggregator.swift */; };
		FC40218C648A06512F52E7C8 /* AudioFrames.swift in Sources */ = {isa = PBXBuildFile; fileRef = 78640412E030434484F57B9C /* AudioFrames.swift */; };
		FD845BA1DB428F45EDEE9000 /* BaseUserMuteStrategy.swift in Sources */ = {isa = PBXBuildFile; fileRef = FB187694A4E99E6C055EE086 /* BaseUserMuteStrategy.swift */; };
		ICONASSETS0000000000002 /* Assets.xcassets in Resources */ = {isa = PBXBuildFile; fileRef = ICONASSETS0000000000001 /* Assets.xcassets */; };
/* End PBXBuildFile section */

/* Begin PBXFileReference section */
		094A760C8A6DFD5E317AF5B8 /* LiveMetrics.swift */ = {isa = PBXFileReference; lastKnownFileType = sourcecode.swift; name = LiveMetrics.swift; path = Live/Debug/LiveMetrics.swift; sourceTree = SOURCE_ROOT; };
		098B30935B91CD0BEF3A5056 /* Pods-PhoneClaw.release.xcconfig */ = {isa = PBXFileReference; includeInIndex = 1; lastKnownFileType = text.xcconfig; name = "Pods-PhoneClaw.release.xcconfig"; path = "Target Support Files/Pods-PhoneClaw/Pods-PhoneClaw.release.xcconfig"; sourceTree = "<group>"; };
		22A3E6DE14D68AD9C9ABF0E8 /* AudioUI.swift */ = {isa = PBXFileReference; lastKnownFileType = sourcecode.swift; name = AudioUI.swift; path = UI/AudioUI.swift; sourceTree = SOURCE_ROOT; };
		2D672ACC5EAC3A11F9A0735C /* VoiceTurnController.swift */ = {isa = PBXFileReference; lastKnownFileType = sourcecode.swift; name = VoiceTurnController.swift; path = Live/Core/VoiceTurnController.swift; sourceTree = SOURCE_ROOT; };
		2E7C06DA449D1395217A42D5 /* PromptBuilder.swift */ = {isa = PBXFileReference; lastKnownFileType = sourcecode.swift; path = PromptBuilder.swift; sourceTree = "<group>"; };
		2F4A6C8E0A1B2C3D4E5F6070 /* AudioCaptureService.swift */ = {isa = PBXFileReference; lastKnownFileType = sourcecode.swift; path = AudioCaptureService.swift; sourceTree = "<group>"; };
		357644EE0B2A47696762E171 /* LiveCameraService.swift */ = {isa = PBXFileReference; lastKnownFileType = sourcecode.swift; name = LiveCameraService.swift; path = Live/Camera/LiveCameraService.swift; sourceTree = SOURCE_ROOT; };
		38FC1001EB728212335AC141 /* PhoneClaw.entitlements */ = {isa = PBXFileReference; lastKnownFileType = text.plist.entitlements; path = PhoneClaw.entitlements; sourceTree = "<group>"; };
		408F2AE98EA54717A74FA4B1 /* PhoneClaw.app */ = {isa = PBXFileReference; explicitFileType = wrapper.application; includeInIndex = 0; path = PhoneClaw.app; sourceTree = BUILT_PRODUCTS_DIR; };
		4628E2A5FD49247E1D6BE283 /* ResponseUI.swift */ = {isa = PBXFileReference; lastKnownFileType = sourcecode.swift; name = ResponseUI.swift; path = UI/ResponseUI.swift; sourceTree = SOURCE_ROOT; };
		4DD9808FE93325C3CE4CFA00 /* PhoneClawApp.swift */ = {isa = PBXFileReference; lastKnownFileType = sourcecode.swift; path = PhoneClawApp.swift; sourceTree = "<group>"; };
		4F4ACB3F4531FF61E0AADA07 /* libPods-PhoneClaw.a */ = {isa = PBXFileReference; explicitFileType = archive.ar; includeInIndex = 0; path = "libPods-PhoneClaw.a"; sourceTree = BUILT_PRODUCTS_DIR; };
		52F30C6348B834E5D157205F /* Info.plist */ = {isa = PBXFileReference; lastKnownFileType = text.plist; path = Info.plist; sourceTree = "<group>"; };
		571908036E6DCED1D58C1E9E /* Skills.swift */ = {isa = PBXFileReference; lastKnownFileType = sourcecode.swift; path = Skills.swift; sourceTree = "<group>"; };
		7C500DE8A47482D5DA7DA6D3 /* ASRService.swift */ = {isa = PBXFileReference; lastKnownFileType = sourcecode.swift; name = ASRService.swift; path = Shared/Audio/ASRService.swift; sourceTree = SOURCE_ROOT; };
		83C5B0E5FD420CCB6BD8D1A4 /* LiveModeEngine.swift */ = {isa = PBXFileReference; lastKnownFileType = sourcecode.swift; name = LiveModeEngine.swift; path = Live/Core/LiveModeEngine.swift; sourceTree = SOURCE_ROOT; };
		840B21562E52B6B93D4410D0 /* LiveModeUI.swift */ = {isa = PBXFileReference; lastKnownFileType = sourcecode.swift; name = LiveModeUI.swift; path = Live/UI/LiveModeUI.swift; sourceTree = SOURCE_ROOT; };
		9C503EC6B19AD0CF5515B98E /* LiveComponentTest.swift */ = {isa = PBXFileReference; lastKnownFileType = sourcecode.swift; name = LiveComponentTest.swift; path = Live/Debug/LiveComponentTest.swift; sourceTree = SOURCE_ROOT; };
		9D80CB631331A0CA07699BDE /* OutputSanitizer.swift */ = {isa = PBXFileReference; lastKnownFileType = sourcecode.swift; name = OutputSanitizer.swift; path = Shared/Audio/OutputSanitizer.swift; sourceTree = SOURCE_ROOT; };
		9DBABEB8C21E7B67E5C2516D /* SharedUI.swift */ = {isa = PBXFileReference; lastKnownFileType = sourcecode.swift; name = SharedUI.swift; path = UI/SharedUI.swift; sourceTree = SOURCE_ROOT; };
		A1AB7F250BEEFF938318AA75 /* Pods-PhoneClaw.debug.xcconfig */ = {isa = PBXFileReference; includeInIndex = 1; lastKnownFileType = text.xcconfig; name = "Pods-PhoneClaw.debug.xcconfig"; path = "Target Support Files/Pods-PhoneClaw/Pods-PhoneClaw.debug.xcconfig"; sourceTree = "<group>"; };
		A31476E82F856FD700318978 /* ChatAttachments.swift */ = {isa = PBXFileReference; lastKnownFileType = sourcecode.swift; path = ChatAttachments.swift; sourceTree = "<group>"; };
		A31476E92F856FD700318978 /* ChatMessage.swift */ = {isa = PBXFileReference; lastKnownFileType = sourcecode.swift; path = ChatMessage.swift; sourceTree = "<group>"; };
		A31476EF2F85741500318978 /* OutputCleaner.swift */ = {isa = PBXFileReference; lastKnownFileType = sourcecode.swift; path = OutputCleaner.swift; sourceTree = "<group>"; };
		A31476F02F85741500318978 /* Planner.swift */ = {isa = PBXFileReference; lastKnownFileType = sourcecode.swift; path = Planner.swift; sourceTree = "<group>"; };
		A31476F12F85741500318978 /* Router.swift */ = {isa = PBXFileReference; lastKnownFileType = sourcecode.swift; path = Router.swift; sourceTree = "<group>"; };
		A31476F22F85741500318978 /* SessionStore.swift */ = {isa = PBXFileReference; lastKnownFileType = sourcecode.swift; path = SessionStore.swift; sourceTree = "<group>"; };
		A31476F32F85741500318978 /* ToolCallParser.swift */ = {isa = PBXFileReference; lastKnownFileType = sourcecode.swift; path = ToolCallParser.swift; sourceTree = "<group>"; };
		A31476F42F85741500318978 /* ToolChain.swift */ = {isa = PBXFileReference; lastKnownFileType = sourcecode.swift; path = ToolChain.swift; sourceTree = "<group>"; };
		AA2000000000000000000001 /* LLMEngine.swift */ = {isa = PBXFileReference; lastKnownFileType = sourcecode.swift; path = LLMEngine.swift; sourceTree = "<group>"; };
		AA2000000000000000000002 /* MLXLocalLLMService.swift */ = {isa = PBXFileReference; lastKnownFileType = sourcecode.swift; path = MLXLocalLLMService.swift; sourceTree = "<group>"; };
		AA2000000000000000000003 /* Gemma4Config.swift */ = {isa = PBXFileReference; lastKnownFileType = sourcecode.swift; path = Gemma4Config.swift; sourceTree = "<group>"; };
		AA2000000000000000000004 /* Gemma4LanguageModel.swift */ = {isa = PBXFileReference; lastKnownFileType = sourcecode.swift; path = Gemma4LanguageModel.swift; sourceTree = "<group>"; };
		AA2000000000000000000005 /* Gemma4Model.swift */ = {isa = PBXFileReference; lastKnownFileType = sourcecode.swift; path = Gemma4Model.swift; sourceTree = "<group>"; };
		AA2000000000000000000006 /* Gemma4Registration.swift */ = {isa = PBXFileReference; lastKnownFileType = sourcecode.swift; path = Gemma4Registration.swift; sourceTree = "<group>"; };
		AA2000000000000000000007 /* Gemma4RoPE.swift */ = {isa = PBXFileReference; lastKnownFileType = sourcecode.swift; path = Gemma4RoPE.swift; sourceTree = "<group>"; };
		AA2000000000000000000008 /* Gemma4TextModel.swift */ = {isa = PBXFileReference; lastKnownFileType = sourcecode.swift; path = Gemma4TextModel.swift; sourceTree = "<group>"; };
		AA2000000000000000000009 /* MLXTokenizersLoader.swift */ = {isa = PBXFileReference; lastKnownFileType = sourcecode.swift; path = MLXTokenizersLoader.swift; sourceTree = "<group>"; };
		AA2000000000000000000018 /* Gemma4VisionModel.swift */ = {isa = PBXFileReference; lastKnownFileType = sourcecode.swift; path = Gemma4VisionModel.swift; sourceTree = "<group>"; };
		AA2000000000000000000019 /* Gemma4Processor.swift */ = {isa = PBXFileReference; lastKnownFileType = sourcecode.swift; path = Gemma4Processor.swift; sourceTree = "<group>"; };
		AA2000000000000000000020 /* Gemma4AudioFeatureExtractor.swift */ = {isa = PBXFileReference; lastKnownFileType = sourcecode.swift; path = Gemma4AudioFeatureExtractor.swift; sourceTree = "<group>"; };
		AA2000000000000000000021 /* Gemma4AudioModel.swift */ = {isa = PBXFileReference; lastKnownFileType = sourcecode.swift; path = Gemma4AudioModel.swift; sourceTree = "<group>"; };
		AA2000000000000000000024 /* onnxruntime.xcframework */ = {isa = PBXFileReference; lastKnownFileType = wrapper.xcframework; name = onnxruntime.xcframework; path = Frameworks/onnxruntime.xcframework; sourceTree = SOURCE_ROOT; };
		AA2000000000000000000025 /* sherpa-onnx.xcframework */ = {isa = PBXFileReference; lastKnownFileType = wrapper.xcframework; name = "sherpa-onnx.xcframework"; path = "Frameworks/sherpa-onnx.xcframework"; sourceTree = SOURCE_ROOT; };
		AA2000000000000000000100 /* BundledModel.swift */ = {isa = PBXFileReference; lastKnownFileType = sourcecode.swift; path = BundledModel.swift; sourceTree = "<group>"; };
		AA2000000000000000000101 /* RuntimeBudgets.swift */ = {isa = PBXFileReference; lastKnownFileType = sourcecode.swift; path = RuntimeBudgets.swift; sourceTree = "<group>"; };
		AA2000000000000000000103 /* ModelInstallState.swift */ = {isa = PBXFileReference; lastKnownFileType = sourcecode.swift; path = ModelInstallState.swift; sourceTree = "<group>"; };
		AA2000000000000000000104 /* ModelPaths.swift */ = {isa = PBXFileReference; lastKnownFileType = sourcecode.swift; path = ModelPaths.swift; sourceTree = "<group>"; };
		AA2000000000000000000105 /* MemoryStats.swift */ = {isa = PBXFileReference; lastKnownFileType = sourcecode.swift; path = MemoryStats.swift; sourceTree = "<group>"; };
		AA2000000000000000000106 /* ModelDownloader.swift */ = {isa = PBXFileReference; lastKnownFileType = sourcecode.swift; path = ModelDownloader.swift; sourceTree = "<group>"; };
		AA2000000000000000000107 /* ModelInstaller.swift */ = {isa = PBXFileReference; lastKnownFileType = sourcecode.swift; path = ModelInstaller.swift; sourceTree = "<group>"; };
		AA2000000000000000000108 /* GPULifecycle.swift */ = {isa = PBXFileReference; lastKnownFileType = sourcecode.swift; path = GPULifecycle.swift; sourceTree = "<group>"; };
		AA2000000000000000000202 /* MLXLocalLLMService+KVReuse.swift */ = {isa = PBXFileReference; lastKnownFileType = sourcecode.swift; path = "MLXLocalLLMService+KVReuse.swift"; sourceTree = "<group>"; };
		B1A2C3D4E5F607182930B101 /* Library */ = {isa = PBXFileReference; lastKnownFileType = folder; path = Library; sourceTree = "<group>"; };
		BA48303BA25916A3A431EDE6 /* OrbBackgroundView.swift */ = {isa = PBXFileReference; lastKnownFileType = sourcecode.swift; name = OrbBackgroundView.swift; path = Live/UI/LiveOrb/OrbBackgroundView.swift; sourceTree = SOURCE_ROOT; };
		C1A2B3D4E5F607182930A1B3 /* SkillLoader.swift */ = {isa = PBXFileReference; lastKnownFileType = sourcecode.swift; path = SkillLoader.swift; sourceTree = "<group>"; };
		C1A2B3D4E5F607182930A1C3 /* SkillRegistry.swift */ = {isa = PBXFileReference; lastKnownFileType = sourcecode.swift; path = SkillRegistry.swift; sourceTree = "<group>"; };
		C3C4D5E6F7081A2B3C52D3E5 /* ChatModels.swift */ = {isa = PBXFileReference; lastKnownFileType = sourcecode.swift; path = ChatModels.swift; sourceTree = "<group>"; };
		C4D5E6F70819A2B3C463E4F6 /* Theme.swift */ = {isa = PBXFileReference; lastKnownFileType = sourcecode.swift; path = Theme.swift; sourceTree = "<group>"; };
		C70EDE41C438263F820D0FCC /* OrbShaderSource.swift */ = {isa = PBXFileReference; lastKnownFileType = sourcecode.swift; name = OrbShaderSource.swift; path = Live/UI/LiveOrb/OrbShaderSource.swift; sourceTree = SOURCE_ROOT; };
		CEA10A9D8F9AB4A2764A1A13 /* SherpaOnnx.swift */ = {isa = PBXFileReference; lastKnownFileType = sourcecode.swift; name = SherpaOnnx.swift; path = Shared/Audio/SherpaOnnx.swift; sourceTree = SOURCE_ROOT; };
		D269F8BFCAB68D82440F704B /* SkillsManagerView.swift */ = {isa = PBXFileReference; lastKnownFileType = sourcecode.swift; path = SkillsManagerView.swift; sourceTree = "<group>"; };
		D3A1B2C3D4E5F60718290101 /* ToolRegistry.swift */ = {isa = PBXFileReference; lastKnownFileType = sourcecode.swift; path = ToolRegistry.swift; sourceTree = "<group>"; };
		D3A1B2C3D4E5F60718290102 /* AppPermissions.swift */ = {isa = PBXFileReference; lastKnownFileType = sourcecode.swift; path = AppPermissions.swift; sourceTree = "<group>"; };
		D3A1B2C3D4E5F60718290103 /* Stores.swift */ = {isa = PBXFileReference; lastKnownFileType = sourcecode.swift; path = Stores.swift; sourceTree = "<group>"; };
		D3A1B2C3D4E5F60718290104 /* Helpers.swift */ = {isa = PBXFileReference; lastKnownFileType = sourcecode.swift; path = Helpers.swift; sourceTree = "<group>"; };
		D3A1B2C3D4E5F60718290105 /* Clipboard.swift */ = {isa = PBXFileReference; lastKnownFileType = sourcecode.swift; path = Clipboard.swift; sourceTree = "<group>"; };
		D3A1B2C3D4E5F60718290108 /* Calendar.swift */ = {isa = PBXFileReference; lastKnownFileType = sourcecode.swift; path = Calendar.swift; sourceTree = "<group>"; };
		D3A1B2C3D4E5F60718290109 /* Reminders.swift */ = {isa = PBXFileReference; lastKnownFileType = sourcecode.swift; path = Reminders.swift; sourceTree = "<group>"; };
		D3A1B2C3D4E5F60718290110 /* Contacts.swift */ = {isa = PBXFileReference; lastKnownFileType = sourcecode.swift; path = Contacts.swift; sourceTree = "<group>"; };
		D3A1B2C3D4E5F60718290111 /* Health.swift */ = {isa = PBXFileReference; lastKnownFileType = sourcecode.swift; path = Health.swift; sourceTree = "<group>"; };
		D5E6F7081A2B3C4D5E6F7084 /* gemma-4-e2b-it-4bit */ = {isa = PBXFileReference; lastKnownFileType = folder; name = "gemma-4-e2b-it-4bit"; path = "Models/gemma-4-e2b-it-4bit"; sourceTree = "<group>"; };
		D5E6F7081A2B3C4D5E6F7086 /* gemma-4-e4b-it-4bit */ = {isa = PBXFileReference; lastKnownFileType = folder; name = "gemma-4-e4b-it-4bit"; path = "Models/gemma-4-e4b-it-4bit"; sourceTree = "<group>"; };
		D5E6F7081A2B3C4D5E6F7088 /* sherpa-asr-zh */ = {isa = PBXFileReference; lastKnownFileType = folder; name = "sherpa-asr-zh"; path = "Models/sherpa-asr-zh"; sourceTree = "<group>"; };
		D5E6F7081A2B3C4D5E6F7092 /* vits-zh-hf-keqing */ = {isa = PBXFileReference; lastKnownFileType = folder; name = "vits-zh-hf-keqing"; path = "Models/vits-zh-hf-keqing"; sourceTree = "<group>"; };
		DAF684F9A04FAEE76440F69C /* OrbAudioAnalyser.swift */ = {isa = PBXFileReference; lastKnownFileType = sourcecode.swift; name = OrbAudioAnalyser.swift; path = Live/Audio/OrbAudioAnalyser.swift; sourceTree = SOURCE_ROOT; };
		E18A47114A10132E25E220F8 /* AgentEngine.swift */ = {isa = PBXFileReference; lastKnownFileType = sourcecode.swift; path = AgentEngine.swift; sourceTree = "<group>"; };
		E62C3CEFC7AE63873D751E75 /* ConfigurationsView.swift */ = {isa = PBXFileReference; lastKnownFileType = sourcecode.swift; path = ConfigurationsView.swift; sourceTree = "<group>"; };
		F06A8F86444AB26C7373919B /* TTSService.swift */ = {isa = PBXFileReference; lastKnownFileType = sourcecode.swift; name = TTSService.swift; path = Live/TTS/TTSService.swift; sourceTree = SOURCE_ROOT; };
		F18C7A5D1474A06400BE423D /* VADService.swift */ = {isa = PBXFileReference; lastKnownFileType = sourcecode.swift; name = VADService.swift; path = Live/VAD/VADService.swift; sourceTree = SOURCE_ROOT; };
		F5ED928BF14864713A9A9D16 /* ContentView.swift */ = {isa = PBXFileReference; lastKnownFileType = sourcecode.swift; path = ContentView.swift; sourceTree = "<group>"; };
		F73C9FFB0EEDE520F2885102 /* OrbSceneView.swift */ = {isa = PBXFileReference; lastKnownFileType = sourcecode.swift; name = OrbSceneView.swift; path = Live/UI/LiveOrb/OrbSceneView.swift; sourceTree = SOURCE_ROOT; };
		F8D921B323B9D6342A22A29E /* LiveAudioIO.swift */ = {isa = PBXFileReference; lastKnownFileType = sourcecode.swift; name = LiveAudioIO.swift; path = Live/Audio/LiveAudioIO.swift; sourceTree = SOURCE_ROOT; };
		ICONASSETS0000000000001 /* Assets.xcassets */ = {isa = PBXFileReference; lastKnownFileType = folder.assetcatalog; path = Assets.xcassets; sourceTree = "<group>"; };
/* End PBXFileReference section */

/* Begin PBXFrameworksBuildPhase section */
		4B243621551C86F4B6922A8F /* Frameworks */ = {
			isa = PBXFrameworksBuildPhase;
			buildActionMask = 2147483647;
			files = (
				AA1000000000000000000011 /* MLX in Frameworks */,
				AA1000000000000000000012 /* MLXFast in Frameworks */,
				AA1000000000000000000013 /* MLXNN in Frameworks */,
				AA1000000000000000000014 /* MLXLMCommon in Frameworks */,
				AA1000000000000000000017 /* MLXLLM in Frameworks */,
				AA1000000000000000000015 /* MLXVLM in Frameworks */,
				AA1000000000000000000016 /* Tokenizers in Frameworks */,
				AA1000000000000000000022 /* FluidAudio in Frameworks */,
				AA1000000000000000000023 /* MarkdownUI in Frameworks */,
				AA1000000000000000000024 /* onnxruntime.xcframework in Frameworks */,
				AA1000000000000000000025 /* sherpa-onnx.xcframework in Frameworks */,
				BD75E7E5620A8FF0A868E9F0 /* libPods-PhoneClaw.a in Frameworks */,
			);
			runOnlyForDeploymentPostprocessing = 0;
		};
/* End PBXFrameworksBuildPhase section */

/* Begin PBXGroup section */
		03C67BBB35FEB376174D7420 /* Pods */ = {
			isa = PBXGroup;
			children = (
				A1AB7F250BEEFF938318AA75 /* Pods-PhoneClaw.debug.xcconfig */,
				098B30935B91CD0BEF3A5056 /* Pods-PhoneClaw.release.xcconfig */,
			);
			path = Pods;
			sourceTree = "<group>";
		};
		4A876E909BCB4E1CAF5C50F5 = {
			isa = PBXGroup;
			children = (
				D21E6B56B839A63857912FE0 /* PhoneClaw */,
				D5E6F7081A2B3C4D5E6F7084 /* gemma-4-e2b-it-4bit */,
				D5E6F7081A2B3C4D5E6F7086 /* gemma-4-e4b-it-4bit */,
				D5E6F7081A2B3C4D5E6F7088 /* sherpa-asr-zh */,
				D5E6F7081A2B3C4D5E6F7092 /* vits-zh-hf-keqing */,
				AC5E0AA2711EA01E891DE3A7 /* Products */,
				03C67BBB35FEB376174D7420 /* Pods */,
				E1D6A9BAE368B2FB909A7774 /* Frameworks */,
			);
			sourceTree = "<group>";
		};
		6FA4C5AFA3123551D8F8F2F2 /* App */ = {
			isa = PBXGroup;
			children = (
				4DD9808FE93325C3CE4CFA00 /* PhoneClawApp.swift */,
			);
			path = App;
			sourceTree = "<group>";
		};
		98EFD7CCA7E78715F07BABE3 /* Skills */ = {
			isa = PBXGroup;
			children = (
				B1A2C3D4E5F607182930B101 /* Library */,
				571908036E6DCED1D58C1E9E /* Skills.swift */,
				C1A2B3D4E5F607182930A1B3 /* SkillLoader.swift */,
				C1A2B3D4E5F607182930A1C3 /* SkillRegistry.swift */,
			);
			path = Skills;
			sourceTree = "<group>";
		};
		A31476ED2F85741500318978 /* Engine */ = {
			isa = PBXGroup;
			children = (
				A31476EF2F85741500318978 /* OutputCleaner.swift */,
				A31476F02F85741500318978 /* Planner.swift */,
				A31476F12F85741500318978 /* Router.swift */,
				A31476F22F85741500318978 /* SessionStore.swift */,
				A31476F32F85741500318978 /* ToolCallParser.swift */,
				A31476F42F85741500318978 /* ToolChain.swift */,
				A31476E82F856FD700318978 /* ChatAttachments.swift */,
				A31476E92F856FD700318978 /* ChatMessage.swift */,
			);
			path = Engine;
			sourceTree = "<group>";
		};
		AA3000000000000000000001 /* MLX */ = {
			isa = PBXGroup;
			children = (
				AA3000000000000000000010 /* Core */,
				AA3000000000000000000011 /* Installation */,
				AA3000000000000000000012 /* Gemma4 */,
				AA2000000000000000000002 /* MLXLocalLLMService.swift */,
				AA2000000000000000000202 /* MLXLocalLLMService+KVReuse.swift */,
			);
			path = MLX;
			sourceTree = "<group>";
		};
		AA3000000000000000000010 /* Core */ = {
			isa = PBXGroup;
			children = (
				AA2000000000000000000100 /* BundledModel.swift */,
				AA2000000000000000000101 /* RuntimeBudgets.swift */,
				AA2000000000000000000105 /* MemoryStats.swift */,
				AA2000000000000000000108 /* GPULifecycle.swift */,
				AA2000000000000000000009 /* MLXTokenizersLoader.swift */,
			);
			path = Core;
			sourceTree = "<group>";
		};
		AA3000000000000000000011 /* Installation */ = {
			isa = PBXGroup;
			children = (
				AA2000000000000000000104 /* ModelPaths.swift */,
				AA2000000000000000000103 /* ModelInstallState.swift */,
				AA2000000000000000000107 /* ModelInstaller.swift */,
				AA2000000000000000000106 /* ModelDownloader.swift */,
			);
			path = Installation;
			sourceTree = "<group>";
		};
		AA3000000000000000000012 /* Gemma4 */ = {
			isa = PBXGroup;
			children = (
				AA2000000000000000000003 /* Gemma4Config.swift */,
				AA2000000000000000000005 /* Gemma4Model.swift */,
				AA2000000000000000000004 /* Gemma4LanguageModel.swift */,
				AA2000000000000000000008 /* Gemma4TextModel.swift */,
				AA2000000000000000000018 /* Gemma4VisionModel.swift */,
				AA2000000000000000000021 /* Gemma4AudioModel.swift */,
				AA2000000000000000000020 /* Gemma4AudioFeatureExtractor.swift */,
				AA2000000000000000000007 /* Gemma4RoPE.swift */,
				AA2000000000000000000019 /* Gemma4Processor.swift */,
				AA2000000000000000000006 /* Gemma4Registration.swift */,
			);
			path = Gemma4;
			sourceTree = "<group>";
		};
		AC5E0AA2711EA01E891DE3A7 /* Products */ = {
			isa = PBXGroup;
			children = (
				408F2AE98EA54717A74FA4B1 /* PhoneClaw.app */,
			);
			name = Products;
			sourceTree = "<group>";
		};
		AE5FF3067EFF33D507435528 /* LLM */ = {
			isa = PBXGroup;
			children = (
				AA2000000000000000000001 /* LLMEngine.swift */,
				AA3000000000000000000001 /* MLX */,
				2E7C06DA449D1395217A42D5 /* PromptBuilder.swift */,
			);
			path = LLM;
			sourceTree = "<group>";
		};
		D21E6B56B839A63857912FE0 /* PhoneClaw */ = {
			isa = PBXGroup;
			children = (
				7C500DE8A47482D5DA7DA6D3 /* ASRService.swift */,
				357644EE0B2A47696762E171 /* LiveCameraService.swift */,
				9C503EC6B19AD0CF5515B98E /* LiveComponentTest.swift */,
				094A760C8A6DFD5E317AF5B8 /* LiveMetrics.swift */,
				DAF684F9A04FAEE76440F69C /* OrbAudioAnalyser.swift */,
				CEA10A9D8F9AB4A2764A1A13 /* SherpaOnnx.swift */,
				F06A8F86444AB26C7373919B /* TTSService.swift */,
				F18C7A5D1474A06400BE423D /* VADService.swift */,
				2D672ACC5EAC3A11F9A0735C /* VoiceTurnController.swift */,
				22A3E6DE14D68AD9C9ABF0E8 /* AudioUI.swift */,
				BA48303BA25916A3A431EDE6 /* OrbBackgroundView.swift */,
				F73C9FFB0EEDE520F2885102 /* OrbSceneView.swift */,
				C70EDE41C438263F820D0FCC /* OrbShaderSource.swift */,
				4628E2A5FD49247E1D6BE283 /* ResponseUI.swift */,
				9DBABEB8C21E7B67E5C2516D /* SharedUI.swift */,
				349ED4AF5B9D475CCCAA808A /* LiveSessionState.swift */,
				8ED4CDD3BE43ECDB4856379E /* BaseTurnAnalyzer.swift */,
				08C0734EF567C98B42D22947 /* BaseSmartTurn.swift */,
				1BD58D674BA7B66415319BBA /* LocalSmartTurnAnalyzer.swift */,
				A69F76927D76D4F3BE742DA1 /* AudioChunk.swift */,
				78640412E030434484F57B9C /* AudioFrames.swift */,
				E8FA0F50182C9CB35158A262 /* ControlFrames.swift */,
				547DFB8DC456148B1CFF337C /* Frames.swift */,
				11DA3782228DFD89D321DF46 /* FunctionFrames.swift */,
				FBFDA3E03F157B7D5E8AACC2 /* LLMFrames.swift */,
				76DD53A6DED79B68F7B2293E /* BaseObserver.swift */,
				7532E66C19EBE3C992735049 /* LiveStateObserver.swift */,
				05F6F914DA96277333B2DFD8 /* Pipeline.swift */,
				B4730B9C65C38B6B52844DD4 /* PipelineTask.swift */,
				EFE477C1831B62F46E91D908 /* PriorityFrameQueue.swift */,
				5E60D531CFDB3173000D0E08 /* LLMAssistantAggregator.swift */,
				A601797F71E10B47BA9814A0 /* LLMContext.swift */,
				58041020FE4323CE1FFB0DF7 /* LLMContextAggregator.swift */,
				DA2357D8430FF56AA14B9D3E /* LLMContextAggregatorPair.swift */,
				B642CB052B73B62BD675583D /* LLMUserAggregator.swift */,
				048BEFE3CFA43DC1FEC5DA3D /* BotSpeechGateProcessor.swift */,
				260CEFE477936BA4A18DD6CC /* FluidAudioVADAnalyzer.swift */,
				7420ABF119364EAEAFCE630A /* VADAnalyzerProtocol.swift */,
				4E958DFEE7A9D7985F127E5D /* VADController.swift */,
				4BF6670A148E2F105CAC0F25 /* VADProcessor.swift */,
				198DD55EFDA81AF7447AB985 /* FrameProcessor.swift */,
				6049CB1301D2CA9C505E87DC /* MLXLLMServiceAdapter.swift */,
				C962A397148BBF852D5AFAFF /* SherpaSTTServiceAdapter.swift */,
				EF7337BA528652D914A46BBC /* SherpaSegmentedSTTServiceAdapter.swift */,
				14D2C81D409948DB0E2F3B28 /* SherpaStreamingSTTServiceAdapter.swift */,
				D88895B273185FAEFE396A38 /* SherpaTTSServiceAdapter.swift */,
				0F5D437105B72DAAF0A857F8 /* STTService.swift */,
				9D71B4E98491AF7D57EE10CA /* SegmentedSTTService.swift */,
				048D73DED34FDD15E9F98763 /* BaseTextFilter.swift */,
				6A67E7C055778EB798AAEFC3 /* MarkdownTextFilter.swift */,
				9A6B722BC23CD411FBFEFC48 /* RemoveEmojiTextFilter.swift */,
				5839E5F61D60CBC937AFCAAA /* BaseInputTransport.swift */,
				61408245652635B4159BD82F /* BaseOutputTransport.swift */,
				790F74FB191932BBFC19C2B6 /* BaseTransport.swift */,
				91366CE61FBA8543A9E95947 /* IOSLiveTransport.swift */,
				2112D2743EB790B71DE7E14C /* BaseUserTurnStartStrategy.swift */,
				56B6B380A592DF501C5C963B /* TranscriptionUserTurnStartStrategy.swift */,
				801423D197CB93890BB039C5 /* VADUserTurnStartStrategy.swift */,
				CDF20C6E0367F51A0138B212 /* BaseUserTurnStopStrategy.swift */,
				24F07C7F143FA2A4703E55EE /* SpeechTimeoutUserTurnStopStrategy.swift */,
				F9184BAEA6C903EB15C66C87 /* TurnAnalyzerUserTurnStopStrategy.swift */,
				674A2B5F5B18DB699C6170ED /* UserTurnParams.swift */,
				34828A96D128D922804F3DAC /* ProcessFrameResult.swift */,
				873A87EDEFC683684488EC77 /* UserIdleController.swift */,
				A7EBF8401F5541CC38BD55B1 /* AlwaysUserMuteStrategy.swift */,
				FB187694A4E99E6C055EE086 /* BaseUserMuteStrategy.swift */,
				1DBBC836A798B2683C2FA08B /* UserTurnController.swift */,
				84CD9F8DFFE7D745D1648019 /* UserTurnProcessor.swift */,
				3D50D49B905DC81880B55F1F /* UserTurnStrategies.swift */,
				9D80CB631331A0CA07699BDE /* OutputSanitizer.swift */,
				F8D921B323B9D6342A22A29E /* LiveAudioIO.swift */,
				83C5B0E5FD420CCB6BD8D1A4 /* LiveModeEngine.swift */,
				840B21562E52B6B93D4410D0 /* LiveModeUI.swift */,
				52F30C6348B834E5D157205F /* Info.plist */,
				38FC1001EB728212335AC141 /* PhoneClaw.entitlements */,
				ICONASSETS0000000000001 /* Assets.xcassets */,
				E0660A5AE3C683B7B20600EE /* Agent */,
				6FA4C5AFA3123551D8F8F2F2 /* App */,
				AE5FF3067EFF33D507435528 /* LLM */,
				98EFD7CCA7E78715F07BABE3 /* Skills */,
				D3A1B2C3D4E5F60718290200 /* Tools */,
				EF4D07A808616D6F13771DBE /* UI */,
			);
			name = PhoneClaw;
			sourceTree = "<group>";
		};
		D3A1B2C3D4E5F60718290200 /* Tools */ = {
			isa = PBXGroup;
			children = (
				D3A1B2C3D4E5F60718290101 /* ToolRegistry.swift */,
				D3A1B2C3D4E5F60718290102 /* AppPermissions.swift */,
				D3A1B2C3D4E5F60718290103 /* Stores.swift */,
				D3A1B2C3D4E5F60718290104 /* Helpers.swift */,
				D3A1B2C3D4E5F60718290300 /* Handlers */,
			);
			path = Tools;
			sourceTree = "<group>";
		};
		D3A1B2C3D4E5F60718290300 /* Handlers */ = {
			isa = PBXGroup;
			children = (
				D3A1B2C3D4E5F60718290105 /* Clipboard.swift */,
				D3A1B2C3D4E5F60718290108 /* Calendar.swift */,
				D3A1B2C3D4E5F60718290109 /* Reminders.swift */,
				D3A1B2C3D4E5F60718290110 /* Contacts.swift */,
				D3A1B2C3D4E5F60718290111 /* Health.swift */,
			);
			path = Handlers;
			sourceTree = "<group>";
		};
		E0660A5AE3C683B7B20600EE /* Agent */ = {
			isa = PBXGroup;
			children = (
				A31476ED2F85741500318978 /* Engine */,
				2F4A6C8E0A1B2C3D4E5F6070 /* AudioCaptureService.swift */,
				E18A47114A10132E25E220F8 /* AgentEngine.swift */,
			);
			path = Agent;
			sourceTree = "<group>";
		};
		E1D6A9BAE368B2FB909A7774 /* Frameworks */ = {
			isa = PBXGroup;
			children = (
				AA2000000000000000000024 /* onnxruntime.xcframework */,
				AA2000000000000000000025 /* sherpa-onnx.xcframework */,
				4F4ACB3F4531FF61E0AADA07 /* libPods-PhoneClaw.a */,
			);
			name = Frameworks;
			sourceTree = "<group>";
		};
		EF4D07A808616D6F13771DBE /* UI */ = {
			isa = PBXGroup;
			children = (
				C3C4D5E6F7081A2B3C52D3E5 /* ChatModels.swift */,
				E62C3CEFC7AE63873D751E75 /* ConfigurationsView.swift */,
				F5ED928BF14864713A9A9D16 /* ContentView.swift */,
				D269F8BFCAB68D82440F704B /* SkillsManagerView.swift */,
				C4D5E6F70819A2B3C463E4F6 /* Theme.swift */,
			);
			path = UI;
			sourceTree = "<group>";
		};
/* End PBXGroup section */

/* Begin PBXNativeTarget section */
		DC4DB8CD35E6335C6F8AC3D7 /* PhoneClaw */ = {
			isa = PBXNativeTarget;
			buildConfigurationList = B11AD88A6CD732D24531EE34 /* Build configuration list for PBXNativeTarget "PhoneClaw" */;
			buildPhases = (
				B75792C14D3A81FBCD50329B /* [CP] Check Pods Manifest.lock */,
				479C4F7A038F48E691B8652F /* Sources */,
				4B243621551C86F4B6922A8F /* Frameworks */,
				E6F7081A2B3C4D5E6F708100 /* Resources */,
			);
			buildRules = (
			);
			dependencies = (
			);
			name = PhoneClaw;
			packageProductDependencies = (
				AA5000000000000000000001 /* MLX */,
				AA5000000000000000000002 /* MLXFast */,
				AA5000000000000000000003 /* MLXNN */,
				AA5000000000000000000004 /* MLXLMCommon */,
				AA5000000000000000000007 /* MLXLLM */,
				AA5000000000000000000005 /* MLXVLM */,
				AA5000000000000000000006 /* Tokenizers */,
				AA5000000000000000000008 /* FluidAudio */,
				AA5000000000000000000009 /* MarkdownUI */,
			);
			productName = PhoneClaw;
			productReference = 408F2AE98EA54717A74FA4B1 /* PhoneClaw.app */;
			productType = "com.apple.product-type.application";
		};
/* End PBXNativeTarget section */

/* Begin PBXProject section */
		3FB79357A07D44E17582311F /* Project object */ = {
			isa = PBXProject;
			attributes = {
				BuildIndependentTargetsInParallel = YES;
				LastUpgradeCheck = 1600;
			};
			buildConfigurationList = D08DE168688EBAEF987138AB /* Build configuration list for PBXProject "PhoneClaw" */;
			developmentRegion = en;
			hasScannedForEncodings = 0;
			knownRegions = (
				Base,
				en,
			);
			mainGroup = 4A876E909BCB4E1CAF5C50F5;
			minimizedProjectReferenceProxies = 1;
			packageReferences = (
				AA4000000000000000000001 /* XCLocalSwiftPackageReference "Packages/InferenceKit" */,
				AA4000000000000000000002 /* XCRemoteSwiftPackageReference "mlx-swift" */,
				AA4000000000000000000003 /* XCRemoteSwiftPackageReference "swift-tokenizers" */,
				AA4000000000000000000004 /* XCLocalSwiftPackageReference "../FluidAudio" */,
				AA4000000000000000000005 /* XCRemoteSwiftPackageReference "swift-markdown-ui" */,
			);
			preferredProjectObjectVersion = 77;
			productRefGroup = AC5E0AA2711EA01E891DE3A7 /* Products */;
			projectDirPath = "";
			projectRoot = "";
			targets = (
				DC4DB8CD35E6335C6F8AC3D7 /* PhoneClaw */,
			);
		};
/* End PBXProject section */

/* Begin PBXResourcesBuildPhase section */
		E6F7081A2B3C4D5E6F708100 /* Resources */ = {
			isa = PBXResourcesBuildPhase;
			buildActionMask = 2147483647;
			files = (
				ICONASSETS0000000000002 /* Assets.xcassets in Resources */,
				B1A2C3D4E5F607182930B100 /* Library in Resources */,
				B1A2C3D4E5F607182930B102 /* gemma-4-e2b-it-4bit in Resources */,
				B1A2C3D4E5F607182930B103 /* gemma-4-e4b-it-4bit in Resources */,
				B1A2C3D4E5F607182930B104 /* sherpa-asr-zh in Resources */,
				B1A2C3D4E5F607182930B106 /* vits-zh-hf-keqing in Resources */,
			);
			runOnlyForDeploymentPostprocessing = 0;
		};
/* End PBXResourcesBuildPhase section */

/* Begin PBXShellScriptBuildPhase section */
		B75792C14D3A81FBCD50329B /* [CP] Check Pods Manifest.lock */ = {
			isa = PBXShellScriptBuildPhase;
			buildActionMask = 2147483647;
			files = (
			);
			inputFileListPaths = (
			);
			inputPaths = (
				"${PODS_PODFILE_DIR_PATH}/Podfile.lock",
				"${PODS_ROOT}/Manifest.lock",
			);
			name = "[CP] Check Pods Manifest.lock";
			outputFileListPaths = (
			);
			outputPaths = (
				"$(DERIVED_FILE_DIR)/Pods-PhoneClaw-checkManifestLockResult.txt",
			);
			runOnlyForDeploymentPostprocessing = 0;
			shellPath = /bin/sh;
			shellScript = "diff \"${PODS_PODFILE_DIR_PATH}/Podfile.lock\" \"${PODS_ROOT}/Manifest.lock\" > /dev/null\nif [ $? != 0 ] ; then\n    # print error to STDERR\n    echo \"error: The sandbox is not in sync with the Podfile.lock. Run 'pod install' or update your CocoaPods installation.\" >&2\n    exit 1\nfi\n# This output is used by Xcode 'outputs' to avoid re-running this script phase.\necho \"SUCCESS\" > \"${SCRIPT_OUTPUT_FILE_0}\"\n";
			showEnvVarsInLog = 0;
		};
/* End PBXShellScriptBuildPhase section */

/* Begin PBXSourcesBuildPhase section */
		479C4F7A038F48E691B8652F /* Sources */ = {
			isa = PBXSourcesBuildPhase;
			buildActionMask = 2147483647;
			files = (
				2F4A6C8E0A1B2C3D4E5F6071 /* AudioCaptureService.swift in Sources */,
				B8A84E4D0DDDE011B5929DA2 /* AgentEngine.swift in Sources */,
				C3C4D5E6F7081A2B3C52D3E4 /* ChatModels.swift in Sources */,
				97E96A2FBFFAF609F276A896 /* ConfigurationsView.swift in Sources */,
				9412304167DACB86E5D60D49 /* ContentView.swift in Sources */,
				AA1000000000000000000003 /* Gemma4Config.swift in Sources */,
				AA1000000000000000000004 /* Gemma4LanguageModel.swift in Sources */,
				AA1000000000000000000020 /* Gemma4AudioFeatureExtractor.swift in Sources */,
				AA1000000000000000000021 /* Gemma4AudioModel.swift in Sources */,
				A31476F62F85741500318978 /* Planner.swift in Sources */,
				A31476F82F85741500318978 /* Router.swift in Sources */,
				A31476F92F85741500318978 /* SessionStore.swift in Sources */,
				A31476FA2F85741500318978 /* ToolChain.swift in Sources */,
				A31476FB2F85741500318978 /* OutputCleaner.swift in Sources */,
				0F13CB63EFD6EB20B60C013B /* ASRService.swift in Sources */,
				7BB3AC9437469CCB6929F015 /* LiveCameraService.swift in Sources */,
				839929FB52DF6A121DCEE82C /* LiveComponentTest.swift in Sources */,
				A340D947F4D1C7DE26F7F978 /* LiveMetrics.swift in Sources */,
				A24D34F106E9869C8DA166DE /* OrbAudioAnalyser.swift in Sources */,
				DA25510B6177007641B5978D /* SherpaOnnx.swift in Sources */,
				D56B8094D6B249DC038FAF8F /* TTSService.swift in Sources */,
				9B17236E9D51367662BBED4C /* VADService.swift in Sources */,
				273143E1D4CADB93BB87D208 /* VoiceTurnController.swift in Sources */,
				A784E79067D36E56702AC300 /* AudioUI.swift in Sources */,
				70A9AFA85FC91F00D3E00387 /* OrbBackgroundView.swift in Sources */,
				8D92BA73222C507ADD63ED33 /* OrbSceneView.swift in Sources */,
				7EB3859798F050565F8C28B9 /* OrbShaderSource.swift in Sources */,
				AB877F6AD9467C63509E499F /* ResponseUI.swift in Sources */,
				623A278B9408C9BE8FDE61D1 /* SharedUI.swift in Sources */,
				07D3C1FB6D5F4849F2E8136B /* LiveSessionState.swift in Sources */,
				44E858BC1F79BDD31F923BBC /* BaseTurnAnalyzer.swift in Sources */,
				084BAD9BD1E8ED10B59ACADB /* BaseSmartTurn.swift in Sources */,
				95444CF962023FF31BA49D06 /* LocalSmartTurnAnalyzer.swift in Sources */,
				2BC8AF77F212FBB4A0A0F28B /* AudioChunk.swift in Sources */,
				FC40218C648A06512F52E7C8 /* AudioFrames.swift in Sources */,
				43DD7FAECE6EEBA9D504D3D5 /* ControlFrames.swift in Sources */,
				2C6F8756897F4C01D3E190B0 /* Frames.swift in Sources */,
				0C5EBE615C219F104D6D9C8D /* FunctionFrames.swift in Sources */,
				2CADFF678567A2ECB88CE265 /* LLMFrames.swift in Sources */,
				E3848EFFD200BB2BCB325939 /* BaseObserver.swift in Sources */,
				BE6E6C928537BCC4DBC975E9 /* LiveStateObserver.swift in Sources */,
				8B0B3BC2CF9E5C58519C11C2 /* Pipeline.swift in Sources */,
				4A99F468A0CDF3F577738F6C /* PipelineTask.swift in Sources */,
				64C85AE4FF9AA2C865C799E9 /* PriorityFrameQueue.swift in Sources */,
				542491EC62E3A48A32792C5D /* LLMAssistantAggregator.swift in Sources */,
				DCB2FB741B3A2162725430FC /* LLMContext.swift in Sources */,
				F9E7622C7772C61D277B0571 /* LLMContextAggregator.swift in Sources */,
				911E4634041EBFC4AAA48EFA /* LLMContextAggregatorPair.swift in Sources */,
				27C2E4D0940F10256C1A86FC /* LLMUserAggregator.swift in Sources */,
				42C98281CDF93BA47D0FC59D /* BotSpeechGateProcessor.swift in Sources */,
				84DEDE5EA80ABE1575ECD383 /* FluidAudioVADAnalyzer.swift in Sources */,
				DE49DFCF4DF4FBABCBCC20DC /* VADAnalyzerProtocol.swift in Sources */,
				08876D35D59ECC4A9406DFAE /* VADController.swift in Sources */,
				CCBAD6C96F8385EACB195E06 /* VADProcessor.swift in Sources */,
				06D9CC213F5773BCAF9376C9 /* FrameProcessor.swift in Sources */,
				211F188F31CA459159D0E80B /* MLXLLMServiceAdapter.swift in Sources */,
				10405212EEF000AA04B72748 /* SherpaSTTServiceAdapter.swift in Sources */,
				D69250E717959D2D59D57ABD /* SherpaSegmentedSTTServiceAdapter.swift in Sources */,
				583517394D45962A75274774 /* SherpaStreamingSTTServiceAdapter.swift in Sources */,
				6ED70A065D44870C4B10BC01 /* SherpaTTSServiceAdapter.swift in Sources */,
				06A562E919007CEE36406DCA /* STTService.swift in Sources */,
				F88825F9E29B5D7893A32873 /* SegmentedSTTService.swift in Sources */,
				B0FB758750EA8CEBC4DBF08A /* BaseTextFilter.swift in Sources */,
				9EA6D4B6C15083B5F9C96F04 /* MarkdownTextFilter.swift in Sources */,
				F6507553CBC1D3D0BCAFF1C9 /* RemoveEmojiTextFilter.swift in Sources */,
				D7B5B8D3378DF49369C7F306 /* BaseInputTransport.swift in Sources */,
				255B2D20006BDC90DD271C86 /* BaseOutputTransport.swift in Sources */,
				C05906F882C28E546FC97B26 /* BaseTransport.swift in Sources */,
				F1AF2D7AAB111966A35AB32E /* IOSLiveTransport.swift in Sources */,
				F4B1F913A5419D9F98865B73 /* BaseUserTurnStartStrategy.swift in Sources */,
				916086085ECE53782F3654D2 /* TranscriptionUserTurnStartStrategy.swift in Sources */,
				B85F211303561796B93E9575 /* VADUserTurnStartStrategy.swift in Sources */,
				93BD549B99F4F88D0BEB9B2A /* BaseUserTurnStopStrategy.swift in Sources */,
				9FA8E14BB1B226526B8BD782 /* SpeechTimeoutUserTurnStopStrategy.swift in Sources */,
				5C01BF2FA8161562894FFD97 /* TurnAnalyzerUserTurnStopStrategy.swift in Sources */,
				77CE684DABF6C69ECF54AB3F /* UserTurnParams.swift in Sources */,
				26929A1E3A3435B723DD604D /* ProcessFrameResult.swift in Sources */,
				8E9B8E06D2729659B52A95C1 /* UserIdleController.swift in Sources */,
				262A3E0B099DCF52616B3F0C /* AlwaysUserMuteStrategy.swift in Sources */,
				FD845BA1DB428F45EDEE9000 /* BaseUserMuteStrategy.swift in Sources */,
				0B263C823B20AE04F227B187 /* UserTurnController.swift in Sources */,
				C6C41C306E9D307AAB4F3284 /* UserTurnProcessor.swift in Sources */,
				1D6B9BBA44F194BB9B33BD65 /* UserTurnStrategies.swift in Sources */,
				F84BD7F445E2D383551198FB /* OutputSanitizer.swift in Sources */,
				32D9B612A8A28256BD2CCA55 /* LiveAudioIO.swift in Sources */,
				0D58F93BFFFFE778CD8A34D1 /* LiveModeEngine.swift in Sources */,
				CE2D5BD7F3C310C8CE319A6D /* LiveModeUI.swift in Sources */,
				A31476FC2F85741500318978 /* ToolCallParser.swift in Sources */,
				AA1000000000000000000005 /* Gemma4Model.swift in Sources */,
				AA1000000000000000000100 /* BundledModel.swift in Sources */,
				AA1000000000000000000101 /* RuntimeBudgets.swift in Sources */,
				AA1000000000000000000103 /* ModelInstallState.swift in Sources */,
				AA1000000000000000000104 /* ModelPaths.swift in Sources */,
				AA1000000000000000000105 /* MemoryStats.swift in Sources */,
				AA1000000000000000000106 /* ModelDownloader.swift in Sources */,
				AA1000000000000000000107 /* ModelInstaller.swift in Sources */,
				AA1000000000000000000108 /* GPULifecycle.swift in Sources */,
				AA1000000000000000000006 /* Gemma4Registration.swift in Sources */,
				AA1000000000000000000018 /* Gemma4VisionModel.swift in Sources */,
				AA1000000000000000000019 /* Gemma4Processor.swift in Sources */,
				AA1000000000000000000007 /* Gemma4RoPE.swift in Sources */,
				AA1000000000000000000008 /* Gemma4TextModel.swift in Sources */,
				AA1000000000000000000009 /* MLXTokenizersLoader.swift in Sources */,
				AA1000000000000000000001 /* LLMEngine.swift in Sources */,
				AA1000000000000000000002 /* MLXLocalLLMService.swift in Sources */,
				AA1000000000000000000202 /* MLXLocalLLMService+KVReuse.swift in Sources */,
				45B7FEC6C4D055F44A87BFA9 /* PhoneClawApp.swift in Sources */,
				5084E1CD2E831BC05F5E4374 /* PromptBuilder.swift in Sources */,
				C1A2B3D4E5F607182930A1B2 /* SkillLoader.swift in Sources */,
				C1A2B3D4E5F607182930A1C2 /* SkillRegistry.swift in Sources */,
				20B8C55E032BA07B3E640E80 /* Skills.swift in Sources */,
				B881A2E7F9483D5ED2AC206B /* SkillsManagerView.swift in Sources */,
				A31476EA2F856FD700318978 /* ChatAttachments.swift in Sources */,
				A31476EB2F856FD700318978 /* ChatMessage.swift in Sources */,
				C4D5E6F70819A2B3C463E4F5 /* Theme.swift in Sources */,
				D3A1B2C3D4E5F60718290001 /* ToolRegistry.swift in Sources */,
				D3A1B2C3D4E5F60718290002 /* AppPermissions.swift in Sources */,
				D3A1B2C3D4E5F60718290003 /* Stores.swift in Sources */,
				D3A1B2C3D4E5F60718290004 /* Helpers.swift in Sources */,
				D3A1B2C3D4E5F60718290005 /* Clipboard.swift in Sources */,
				D3A1B2C3D4E5F60718290008 /* Calendar.swift in Sources */,
				D3A1B2C3D4E5F60718290009 /* Reminders.swift in Sources */,
				D3A1B2C3D4E5F60718290010 /* Contacts.swift in Sources */,
				D3A1B2C3D4E5F60718290011 /* Health.swift in Sources */,
			);
			runOnlyForDeploymentPostprocessing = 0;
		};
/* End PBXSourcesBuildPhase section */

/* Begin XCBuildConfiguration section */
		173FD5E3042F677AC8EEF557 /* Release */ = {
			isa = XCBuildConfiguration;
			buildSettings = {
				ALWAYS_SEARCH_USER_PATHS = NO;
				CLANG_ANALYZER_NONNULL = YES;
				CLANG_ANALYZER_NUMBER_OBJECT_CONVERSION = YES_AGGRESSIVE;
				CLANG_CXX_LANGUAGE_STANDARD = "gnu++14";
				CLANG_CXX_LIBRARY = "libc++";
				CLANG_ENABLE_MODULES = YES;
				CLANG_ENABLE_OBJC_ARC = YES;
				CLANG_ENABLE_OBJC_WEAK = YES;
				CLANG_WARN_BLOCK_CAPTURE_AUTORELEASING = YES;
				CLANG_WARN_BOOL_CONVERSION = YES;
				CLANG_WARN_COMMA = YES;
				CLANG_WARN_CONSTANT_CONVERSION = YES;
				CLANG_WARN_DEPRECATED_OBJC_IMPLEMENTATIONS = YES;
				CLANG_WARN_DIRECT_OBJC_ISA_USAGE = YES_ERROR;
				CLANG_WARN_DOCUMENTATION_COMMENTS = YES;
				CLANG_WARN_EMPTY_BODY = YES;
				CLANG_WARN_ENUM_CONVERSION = YES;
				CLANG_WARN_INFINITE_RECURSION = YES;
				CLANG_WARN_INT_CONVERSION = YES;
				CLANG_WARN_NON_LITERAL_NULL_CONVERSION = YES;
				CLANG_WARN_OBJC_IMPLICIT_RETAIN_SELF = YES;
				CLANG_WARN_OBJC_LITERAL_CONVERSION = YES;
				CLANG_WARN_OBJC_ROOT_CLASS = YES_ERROR;
				CLANG_WARN_QUOTED_INCLUDE_IN_FRAMEWORK_HEADER = YES;
				CLANG_WARN_RANGE_LOOP_ANALYSIS = YES;
				CLANG_WARN_STRICT_PROTOTYPES = YES;
				CLANG_WARN_SUSPICIOUS_MOVE = YES;
				CLANG_WARN_UNGUARDED_AVAILABILITY = YES_AGGRESSIVE;
				CLANG_WARN_UNREACHABLE_CODE = YES;
				CLANG_WARN__DUPLICATE_METHOD_MATCH = YES;
				COPY_PHASE_STRIP = NO;
				DEBUG_INFORMATION_FORMAT = "dwarf-with-dsym";
				ENABLE_NS_ASSERTIONS = NO;
				ENABLE_STRICT_OBJC_MSGSEND = YES;
				GCC_C_LANGUAGE_STANDARD = gnu11;
				GCC_NO_COMMON_BLOCKS = YES;
				GCC_WARN_64_TO_32_BIT_CONVERSION = YES;
				GCC_WARN_ABOUT_RETURN_TYPE = YES_ERROR;
				GCC_WARN_UNDECLARED_SELECTOR = YES;
				GCC_WARN_UNINITIALIZED_AUTOS = YES_AGGRESSIVE;
				GCC_WARN_UNUSED_FUNCTION = YES;
				GCC_WARN_UNUSED_VARIABLE = YES;
				IPHONEOS_DEPLOYMENT_TARGET = 17.0;
				MTL_ENABLE_DEBUG_INFO = NO;
				MTL_FAST_MATH = YES;
				PRODUCT_NAME = "$(TARGET_NAME)";
				SDKROOT = iphoneos;
				SWIFT_COMPILATION_MODE = wholemodule;
				SWIFT_OPTIMIZATION_LEVEL = "-O";
				SWIFT_VERSION = 5.9;
				TARGETED_DEVICE_FAMILY = 1;
			};
			name = Release;
		};
		359B222D24D31B6A31BB84F7 /* Debug */ = {
			isa = XCBuildConfiguration;
			buildSettings = {
				ALWAYS_SEARCH_USER_PATHS = NO;
				CLANG_ANALYZER_NONNULL = YES;
				CLANG_ANALYZER_NUMBER_OBJECT_CONVERSION = YES_AGGRESSIVE;
				CLANG_CXX_LANGUAGE_STANDARD = "gnu++14";
				CLANG_CXX_LIBRARY = "libc++";
				CLANG_ENABLE_MODULES = YES;
				CLANG_ENABLE_OBJC_ARC = YES;
				CLANG_ENABLE_OBJC_WEAK = YES;
				CLANG_WARN_BLOCK_CAPTURE_AUTORELEASING = YES;
				CLANG_WARN_BOOL_CONVERSION = YES;
				CLANG_WARN_COMMA = YES;
				CLANG_WARN_CONSTANT_CONVERSION = YES;
				CLANG_WARN_DEPRECATED_OBJC_IMPLEMENTATIONS = YES;
				CLANG_WARN_DIRECT_OBJC_ISA_USAGE = YES_ERROR;
				CLANG_WARN_DOCUMENTATION_COMMENTS = YES;
				CLANG_WARN_EMPTY_BODY = YES;
				CLANG_WARN_ENUM_CONVERSION = YES;
				CLANG_WARN_INFINITE_RECURSION = YES;
				CLANG_WARN_INT_CONVERSION = YES;
				CLANG_WARN_NON_LITERAL_NULL_CONVERSION = YES;
				CLANG_WARN_OBJC_IMPLICIT_RETAIN_SELF = YES;
				CLANG_WARN_OBJC_LITERAL_CONVERSION = YES;
				CLANG_WARN_OBJC_ROOT_CLASS = YES_ERROR;
				CLANG_WARN_QUOTED_INCLUDE_IN_FRAMEWORK_HEADER = YES;
				CLANG_WARN_RANGE_LOOP_ANALYSIS = YES;
				CLANG_WARN_STRICT_PROTOTYPES = YES;
				CLANG_WARN_SUSPICIOUS_MOVE = YES;
				CLANG_WARN_UNGUARDED_AVAILABILITY = YES_AGGRESSIVE;
				CLANG_WARN_UNREACHABLE_CODE = YES;
				CLANG_WARN__DUPLICATE_METHOD_MATCH = YES;
				COPY_PHASE_STRIP = NO;
				DEBUG_INFORMATION_FORMAT = dwarf;
				ENABLE_STRICT_OBJC_MSGSEND = YES;
				ENABLE_TESTABILITY = YES;
				GCC_C_LANGUAGE_STANDARD = gnu11;
				GCC_DYNAMIC_NO_PIC = NO;
				GCC_NO_COMMON_BLOCKS = YES;
				GCC_OPTIMIZATION_LEVEL = 0;
				GCC_PREPROCESSOR_DEFINITIONS = (
					"$(inherited)",
					"DEBUG=1",
				);
				GCC_WARN_64_TO_32_BIT_CONVERSION = YES;
				GCC_WARN_ABOUT_RETURN_TYPE = YES_ERROR;
				GCC_WARN_UNDECLARED_SELECTOR = YES;
				GCC_WARN_UNINITIALIZED_AUTOS = YES_AGGRESSIVE;
				GCC_WARN_UNUSED_FUNCTION = YES;
				GCC_WARN_UNUSED_VARIABLE = YES;
				IPHONEOS_DEPLOYMENT_TARGET = 17.0;
				MTL_ENABLE_DEBUG_INFO = INCLUDE_SOURCE;
				MTL_FAST_MATH = YES;
				ONLY_ACTIVE_ARCH = YES;
				PRODUCT_NAME = "$(TARGET_NAME)";
				SDKROOT = iphoneos;
				SWIFT_ACTIVE_COMPILATION_CONDITIONS = DEBUG;
				SWIFT_OPTIMIZATION_LEVEL = "-Onone";
				SWIFT_VERSION = 5.9;
				TARGETED_DEVICE_FAMILY = 1;
			};
			name = Debug;
		};
		428228F932F50032A2F8F13C /* Release */ = {
			isa = XCBuildConfiguration;
			baseConfigurationReference = 098B30935B91CD0BEF3A5056 /* Pods-PhoneClaw.release.xcconfig */;
			buildSettings = {
				ASSETCATALOG_COMPILER_APPICON_NAME = AppIcon;
				CODE_SIGN_ENTITLEMENTS = PhoneClaw.entitlements;
				CODE_SIGN_INJECT_BASE_ENTITLEMENTS = YES;
				CURRENT_PROJECT_VERSION = 1;
				DEVELOPMENT_TEAM = ZP4QNJ35TH;
				HEADER_SEARCH_PATHS = (
					"$(inherited)",
					"$(SRCROOT)/Frameworks/onnxruntime.xcframework/Headers",
					"$(SRCROOT)/Frameworks/sherpa-onnx.xcframework/ios-arm64/Headers",
					"$(SRCROOT)/Frameworks/sherpa-onnx.xcframework/ios-arm64_x86_64-simulator/Headers",
				);
				INFOPLIST_FILE = Info.plist;
				LD_RUNPATH_SEARCH_PATHS = (
					"$(inherited)",
					"@executable_path/Frameworks",
				);
				MARKETING_VERSION = 1.0.0;
				PRODUCT_BUNDLE_IDENTIFIER = com.example.phoneclaw;
				SDKROOT = iphoneos;
				SWIFT_OBJC_BRIDGING_HEADER = "$(SRCROOT)/PhoneClaw-Bridging-Header.h";
				TARGETED_DEVICE_FAMILY = "1,2";
			};
			name = Release;
		};
		DB4D14820691F551F7A64548 /* Debug */ = {
			isa = XCBuildConfiguration;
			baseConfigurationReference = A1AB7F250BEEFF938318AA75 /* Pods-PhoneClaw.debug.xcconfig */;
			buildSettings = {
				ASSETCATALOG_COMPILER_APPICON_NAME = AppIcon;
				CODE_SIGN_ENTITLEMENTS = PhoneClaw.entitlements;
				CODE_SIGN_INJECT_BASE_ENTITLEMENTS = YES;
				CURRENT_PROJECT_VERSION = 1;
				DEVELOPMENT_TEAM = ZP4QNJ35TH;
				HEADER_SEARCH_PATHS = (
					"$(inherited)",
					"$(SRCROOT)/Frameworks/onnxruntime.xcframework/Headers",
					"$(SRCROOT)/Frameworks/sherpa-onnx.xcframework/ios-arm64/Headers",
					"$(SRCROOT)/Frameworks/sherpa-onnx.xcframework/ios-arm64_x86_64-simulator/Headers",
				);
				INFOPLIST_FILE = Info.plist;
				LD_RUNPATH_SEARCH_PATHS = (
					"$(inherited)",
					"@executable_path/Frameworks",
				);
				MARKETING_VERSION = 1.0.0;
				PRODUCT_BUNDLE_IDENTIFIER = com.example.phoneclaw;
				SDKROOT = iphoneos;
				SWIFT_OBJC_BRIDGING_HEADER = "$(SRCROOT)/PhoneClaw-Bridging-Header.h";
				TARGETED_DEVICE_FAMILY = "1,2";
			};
			name = Debug;
		};
/* End XCBuildConfiguration section */

/* Begin XCConfigurationList section */
		B11AD88A6CD732D24531EE34 /* Build configuration list for PBXNativeTarget "PhoneClaw" */ = {
			isa = XCConfigurationList;
			buildConfigurations = (
				DB4D14820691F551F7A64548 /* Debug */,
				428228F932F50032A2F8F13C /* Release */,
			);
			defaultConfigurationIsVisible = 0;
			defaultConfigurationName = Debug;
		};
		D08DE168688EBAEF987138AB /* Build configuration list for PBXProject "PhoneClaw" */ = {
			isa = XCConfigurationList;
			buildConfigurations = (
				359B222D24D31B6A31BB84F7 /* Debug */,
				173FD5E3042F677AC8EEF557 /* Release */,
			);
			defaultConfigurationIsVisible = 0;
			defaultConfigurationName = Debug;
		};
/* End XCConfigurationList section */

/* Begin XCLocalSwiftPackageReference section */
		AA4000000000000000000001 /* XCLocalSwiftPackageReference "Packages/InferenceKit" */ = {
			isa = XCLocalSwiftPackageReference;
			relativePath = Packages/InferenceKit;
		};
		AA4000000000000000000004 /* XCLocalSwiftPackageReference "../FluidAudio" */ = {
			isa = XCLocalSwiftPackageReference;
			relativePath = ../FluidAudio;
		};
/* End XCLocalSwiftPackageReference section */

/* Begin XCRemoteSwiftPackageReference section */
		AA4000000000000000000002 /* XCRemoteSwiftPackageReference "mlx-swift" */ = {
			isa = XCRemoteSwiftPackageReference;
			repositoryURL = "https://github.com/ml-explore/mlx-swift";
			requirement = {
				kind = upToNextMinorVersion;
				minimumVersion = 0.31.3;
			};
		};
		AA4000000000000000000003 /* XCRemoteSwiftPackageReference "swift-tokenizers" */ = {
			isa = XCRemoteSwiftPackageReference;
			repositoryURL = "https://github.com/DePasqualeOrg/swift-tokenizers";
			requirement = {
				kind = upToNextMinorVersion;
				minimumVersion = 0.2.0;
			};
		};
		AA4000000000000000000005 /* XCRemoteSwiftPackageReference "swift-markdown-ui" */ = {
			isa = XCRemoteSwiftPackageReference;
			repositoryURL = "https://github.com/gonzalezreal/swift-markdown-ui";
			requirement = {
				kind = upToNextMinorVersion;
				minimumVersion = 2.4.1;
			};
		};
/* End XCRemoteSwiftPackageReference section */

/* Begin XCSwiftPackageProductDependency section */
		AA5000000000000000000001 /* MLX */ = {
			isa = XCSwiftPackageProductDependency;
			package = AA4000000000000000000002 /* XCRemoteSwiftPackageReference "mlx-swift" */;
			productName = MLX;
		};
		AA5000000000000000000002 /* MLXFast */ = {
			isa = XCSwiftPackageProductDependency;
			package = AA4000000000000000000002 /* XCRemoteSwiftPackageReference "mlx-swift" */;
			productName = MLXFast;
		};
		AA5000000000000000000003 /* MLXNN */ = {
			isa = XCSwiftPackageProductDependency;
			package = AA4000000000000000000002 /* XCRemoteSwiftPackageReference "mlx-swift" */;
			productName = MLXNN;
		};
		AA5000000000000000000004 /* MLXLMCommon */ = {
			isa = XCSwiftPackageProductDependency;
			package = AA4000000000000000000001 /* XCLocalSwiftPackageReference "Packages/InferenceKit" */;
			productName = MLXLMCommon;
		};
		AA5000000000000000000005 /* MLXVLM */ = {
			isa = XCSwiftPackageProductDependency;
			package = AA4000000000000000000001 /* XCLocalSwiftPackageReference "Packages/InferenceKit" */;
			productName = MLXVLM;
		};
		AA5000000000000000000006 /* Tokenizers */ = {
			isa = XCSwiftPackageProductDependency;
			package = AA4000000000000000000003 /* XCRemoteSwiftPackageReference "swift-tokenizers" */;
			productName = Tokenizers;
		};
		AA5000000000000000000007 /* MLXLLM */ = {
			isa = XCSwiftPackageProductDependency;
			package = AA4000000000000000000001 /* XCLocalSwiftPackageReference "Packages/InferenceKit" */;
			productName = MLXLLM;
		};
		AA5000000000000000000008 /* FluidAudio */ = {
			isa = XCSwiftPackageProductDependency;
			package = AA4000000000000000000004 /* XCLocalSwiftPackageReference "../FluidAudio" */;
			productName = FluidAudio;
		};
		AA5000000000000000000009 /* MarkdownUI */ = {
			isa = XCSwiftPackageProductDependency;
			package = AA4000000000000000000005 /* XCRemoteSwiftPackageReference "swift-markdown-ui" */;
			productName = MarkdownUI;
		};
/* End XCSwiftPackageProductDependency section */
	};
	rootObject = 3FB79357A07D44E17582311F /* Project object */;
}
